# This file is autogenerated, do not edit; changes may be undone by the next 'dep ensure'.


[[projects]]
  branch = "master"
  digest = "1:d87af402fc3f371d6b008f58903e98bee8873db45263dc54762f00735c582495"
  name = "golang.org/x/exp"
  packages = ["rand"]
  pruneopts = "UT"
  revision = "ec7cb31e5a562f5e9e31b300128d2f530f55d127"

[[projects]]
  branch = "master"
  digest = "1:ca7bb82418ee4893eb02082f34412f8aa6e7ef6cbe5df3a00678e14394eb2319"
  name = "golang.org/x/tools"
  packages = ["container/intsets"]
  pruneopts = "UT"
  revision = "95c3470cfb70bba4d4d578afaf29e0b4b307e3b3"

[[projects]]
  branch = "master"
  digest = "1:b8111b9854d06413bc23185a89926096339cdcc66be314d4d5adfe894eee63a3"
  name = "gonum.org/v1/gonum"
  packages = [
    "blas",
    "blas/blas64",
    "blas/cblas128",
    "blas/gonum",
    "floats",
    "internal/asm/c128",
    "internal/asm/c64",
    "internal/asm/f32",
    "internal/asm/f64",
    "internal/cmplx64",
    "internal/math32",
    "lapack",
    "lapack/gonum",
    "lapack/lapack64",
    "mat",
    "mathext",
    "mathext/internal/amos",
    "mathext/internal/cephes",
    "mathext/internal/gonum",
    "spatial/r1",
    "stat",
    "stat/combin",
    "stat/distmv",
    "stat/distuv",
    "stat/samplemv",
  ]
  pruneopts = "UT"
  revision = "d61003946d0d62fea7df4d9f9dee3c729ff97c9e"

[solve-meta]
  analyzer-name = "dep"
  analyzer-version = 1
  input-imports = [
    "golang.org/x/exp/rand",
    "gonum.org/v1/gonum/mat",
    "gonum.org/v1/gonum/stat/distuv",
    "gonum.org/v1/gonum/stat/samplemv",
  ]
  solver-name = "gps-cdcl"
  solver-version = 1
